# This file was autogenerated by Stack.
# You should not edit this file by hand.
# For more information, please see the documentation at:
#   https://docs.haskellstack.org/en/stable/lock_files

packages: []
snapshots:
- completed:
    sha256: e8cdd1d4ff5aaa42bc15ba641a506cbee4cf2073758c51acec800728e42c0aa4
    size: 646690
    url: https://raw.githubusercontent.com/commercialhaskell/stackage-snapshots/master/nightly/2022/11/4.yaml
  original: nightly-2022-11-04
